
Microsoft Visual Studio Solution File, Format Version 12.00
# Visual Studio Version 17
VisualStudioVersion = 17.1.32421.90
MinimumVisualStudioVersion = 10.0.40219.1
Project("{FAE04EC0-301F-11D3-BF4B-00C04F79EFBC}") = "Zadanie7", "Zadanie7.csproj", "{748C1453-0DA8-4D99-97CA-150C2AEE16E9}"
EndProject
Global
	GlobalSection(SolutionConfigurationPlatforms) = preSolution
		Debug|Any CPU = Debug|Any CPU
		Release|Any CPU = Release|Any CPU
	EndGlobalSection
	GlobalSection(ProjectConfigurationPlatforms) = postSolution
		{748C1453-0DA8-4D99-97CA-150C2AEE16E9}.Debug|Any CPU.ActiveCfg = Debug|Any CPU
		{748C1453-0DA8-4D99-97CA-150C2AEE16E9}.Debug|Any CPU.Build.0 = Debug|Any CPU
		{748C1453-0DA8-4D99-97CA-150C2AEE16E9}.Release|Any CPU.ActiveCfg = Release|Any CPU
		{748C1453-0DA8-4D99-97CA-150C2AEE16E9}.Release|Any CPU.Build.0 = Release|Any CPU
	EndGlobalSection
	GlobalSection(SolutionProperties) = preSolution
		HideSolutionNode = FALSE
	EndGlobalSection
	GlobalSection(ExtensibilityGlobals) = postSolution
		SolutionGuid = {F5262847-290A-43DD-B6A1-B079A75FD18E}
	EndGlobalSection
EndGlobal
